
Microsoft Visual Studio Solution File, Format Version 12.00
# Visual Studio Version 17
VisualStudioVersion = 17.10.35122.118
MinimumVisualStudioVersion = 10.0.40219.1
Project("{FAE04EC0-301F-11D3-BF4B-00C04F79EFBC}") = "ScraperModeloCoche", "ScraperModeloCoche\ScraperModeloCoche.csproj", "{B40899FD-DE18-4CFF-9C57-6D255E132C17}"
EndProject
Global
	GlobalSection(SolutionConfigurationPlatforms) = preSolution
		Debug|Any CPU = Debug|Any CPU
		Release|Any CPU = Release|Any CPU
	EndGlobalSection
	GlobalSection(ProjectConfigurationPlatforms) = postSolution
		{B40899FD-DE18-4CFF-9C57-6D255E132C17}.Debug|Any CPU.ActiveCfg = Debug|Any CPU
		{B40899FD-DE18-4CFF-9C57-6D255E132C17}.Debug|Any CPU.Build.0 = Debug|Any CPU
		{B40899FD-DE18-4CFF-9C57-6D255E132C17}.Release|Any CPU.ActiveCfg = Release|Any CPU
		{B40899FD-DE18-4CFF-9C57-6D255E132C17}.Release|Any CPU.Build.0 = Release|Any CPU
	EndGlobalSection
	GlobalSection(SolutionProperties) = preSolution
		HideSolutionNode = FALSE
	EndGlobalSection
	GlobalSection(ExtensibilityGlobals) = postSolution
		SolutionGuid = {2355C132-89D0-481A-BD91-C1417B0E1A19}
	EndGlobalSection
EndGlobal
